
Microsoft Visual Studio Solution File, Format Version 12.00
# Visual Studio Version 16
VisualStudioVersion = 16.0.29905.134
MinimumVisualStudioVersion = 10.0.40219.1
Project("{FAE04EC0-301F-11D3-BF4B-00C04F79EFBC}") = "Customers", "Customers\Customers.csproj", "{02009943-543E-4243-8E5E-622FC8824851}"
EndProject
Project("{FAE04EC0-301F-11D3-BF4B-00C04F79EFBC}") = "Customers.DAL", "Customers.DAL\Customers.DAL.csproj", "{EF65AE42-6CDF-4193-8250-6232C859C685}"
EndProject
Project("{FAE04EC0-301F-11D3-BF4B-00C04F79EFBC}") = "Customers.BLL", "Customers.BLL\Customers.BLL.csproj", "{97965C6E-CD2A-47A7-B3E3-AE47E9FF9EAF}"
EndProject
Global
	GlobalSection(SolutionConfigurationPlatforms) = preSolution
		Debug|Any CPU = Debug|Any CPU
		Release|Any CPU = Release|Any CPU
	EndGlobalSection
	GlobalSection(ProjectConfigurationPlatforms) = postSolution
		{02009943-543E-4243-8E5E-622FC8824851}.Debug|Any CPU.ActiveCfg = Debug|Any CPU
		{02009943-543E-4243-8E5E-622FC8824851}.Debug|Any CPU.Build.0 = Debug|Any CPU
		{02009943-543E-4243-8E5E-622FC8824851}.Release|Any CPU.ActiveCfg = Release|Any CPU
		{02009943-543E-4243-8E5E-622FC8824851}.Release|Any CPU.Build.0 = Release|Any CPU
		{EF65AE42-6CDF-4193-8250-6232C859C685}.Debug|Any CPU.ActiveCfg = Debug|Any CPU
		{EF65AE42-6CDF-4193-8250-6232C859C685}.Debug|Any CPU.Build.0 = Debug|Any CPU
		{EF65AE42-6CDF-4193-8250-6232C859C685}.Release|Any CPU.ActiveCfg = Release|Any CPU
		{EF65AE42-6CDF-4193-8250-6232C859C685}.Release|Any CPU.Build.0 = Release|Any CPU
		{97965C6E-CD2A-47A7-B3E3-AE47E9FF9EAF}.Debug|Any CPU.ActiveCfg = Debug|Any CPU
		{97965C6E-CD2A-47A7-B3E3-AE47E9FF9EAF}.Debug|Any CPU.Build.0 = Debug|Any CPU
		{97965C6E-CD2A-47A7-B3E3-AE47E9FF9EAF}.Release|Any CPU.ActiveCfg = Release|Any CPU
		{97965C6E-CD2A-47A7-B3E3-AE47E9FF9EAF}.Release|Any CPU.Build.0 = Release|Any CPU
	EndGlobalSection
	GlobalSection(SolutionProperties) = preSolution
		HideSolutionNode = FALSE
	EndGlobalSection
	GlobalSection(ExtensibilityGlobals) = postSolution
		SolutionGuid = {00B7BA55-D440-46E0-BA99-7D3CB5A61953}
	EndGlobalSection
EndGlobal
